
Microsoft Visual Studio Solution File, Format Version 12.00
# Visual Studio Version 16
VisualStudioVersion = 16.0.31729.503
MinimumVisualStudioVersion = 10.0.40219.1
Project("{FAE04EC0-301F-11D3-BF4B-00C04F79EFBC}") = "CPR_Sim", "CPR_Sim.csproj", "{946C6027-263A-4A92-94E1-55C1BEDCBCE7}"
EndProject
Global
	GlobalSection(SolutionConfigurationPlatforms) = preSolution
		Debug|Any CPU = Debug|Any CPU
		Release|Any CPU = Release|Any CPU
	EndGlobalSection
	GlobalSection(ProjectConfigurationPlatforms) = postSolution
		{946C6027-263A-4A92-94E1-55C1BEDCBCE7}.Debug|Any CPU.ActiveCfg = Debug|Any CPU
		{946C6027-263A-4A92-94E1-55C1BEDCBCE7}.Debug|Any CPU.Build.0 = Debug|Any CPU
		{946C6027-263A-4A92-94E1-55C1BEDCBCE7}.Release|Any CPU.ActiveCfg = Release|Any CPU
		{946C6027-263A-4A92-94E1-55C1BEDCBCE7}.Release|Any CPU.Build.0 = Release|Any CPU
	EndGlobalSection
	GlobalSection(SolutionProperties) = preSolution
		HideSolutionNode = FALSE
	EndGlobalSection
	GlobalSection(ExtensibilityGlobals) = postSolution
		SolutionGuid = {57B1BCB1-0519-42D0-AB5D-44D0B66DDBAE}
	EndGlobalSection
EndGlobal
